
Microsoft Visual Studio Solution File, Format Version 12.00
# Visual Studio 15
Project("{FAE04EC0-301F-11D3-BF4B-00C04F79EFBC}") = "CodedTicketingApp.Android", "CodedTicketingApp.Android\CodedTicketingApp.Android.csproj", "{2A47D170-2718-49BF-A27B-2856AD87A74A}"
EndProject
Project("{FAE04EC0-301F-11D3-BF4B-00C04F79EFBC}") = "CodedTicketingApp.iOS", "CodedTicketingApp.iOS\CodedTicketingApp.iOS.csproj", "{02DE782A-39E8-4BF1-90A7-403724B6FBE5}"
EndProject
Project("{FAE04EC0-301F-11D3-BF4B-00C04F79EFBC}") = "CodedTicketingApp.UITests", "CodedTicketingApp.UITests\CodedTicketingApp.UITests.csproj", "{B19C892E-2628-4CA7-AD27-08D406A3B14B}"
EndProject
Project("{FAE04EC0-301F-11D3-BF4B-00C04F79EFBC}") = "CodedTicketingApp", "CodedTicketingApp\CodedTicketingApp.csproj", "{F679F6DF-4752-4E04-8F49-AF1DE032FF45}"
EndProject
Project("{FAE04EC0-301F-11D3-BF4B-00C04F79EFBC}") = "Coded.Events.WebApi", "..\eventApi\Coded.Events.WebApi\Coded.Events.WebApi\Coded.Events.WebApi.csproj", "{E8D3CD18-B8FF-42E9-A793-BB68F2002B4C}"
EndProject
Project("{FAE04EC0-301F-11D3-BF4B-00C04F79EFBC}") = "Coded.Events.WebApi", "Coded.Events.WebApi\Coded.Events.WebApi.csproj", "{43BB9E83-7E9A-4844-90BE-898BEAB6B26D}"
EndProject
Global
	GlobalSection(SolutionConfigurationPlatforms) = preSolution
		Debug|Any CPU = Debug|Any CPU
		Release|Any CPU = Release|Any CPU
		Debug|iPhoneSimulator = Debug|iPhoneSimulator
		Release|iPhoneSimulator = Release|iPhoneSimulator
		Debug|iPhone = Debug|iPhone
		Release|iPhone = Release|iPhone
		Ad-Hoc|iPhone = Ad-Hoc|iPhone
		AppStore|iPhone = AppStore|iPhone
	EndGlobalSection
	GlobalSection(ProjectConfigurationPlatforms) = postSolution
		{2A47D170-2718-49BF-A27B-2856AD87A74A}.Debug|Any CPU.ActiveCfg = Debug|Any CPU
		{2A47D170-2718-49BF-A27B-2856AD87A74A}.Debug|Any CPU.Build.0 = Debug|Any CPU
		{2A47D170-2718-49BF-A27B-2856AD87A74A}.Release|Any CPU.ActiveCfg = Release|Any CPU
		{2A47D170-2718-49BF-A27B-2856AD87A74A}.Release|Any CPU.Build.0 = Release|Any CPU
		{2A47D170-2718-49BF-A27B-2856AD87A74A}.Debug|iPhoneSimulator.ActiveCfg = Debug|Any CPU
		{2A47D170-2718-49BF-A27B-2856AD87A74A}.Debug|iPhoneSimulator.Build.0 = Debug|Any CPU
		{2A47D170-2718-49BF-A27B-2856AD87A74A}.Release|iPhoneSimulator.ActiveCfg = Release|Any CPU
		{2A47D170-2718-49BF-A27B-2856AD87A74A}.Release|iPhoneSimulator.Build.0 = Release|Any CPU
		{2A47D170-2718-49BF-A27B-2856AD87A74A}.Debug|iPhone.ActiveCfg = Debug|Any CPU
		{2A47D170-2718-49BF-A27B-2856AD87A74A}.Debug|iPhone.Build.0 = Debug|Any CPU
		{2A47D170-2718-49BF-A27B-2856AD87A74A}.Release|iPhone.ActiveCfg = Release|Any CPU
		{2A47D170-2718-49BF-A27B-2856AD87A74A}.Release|iPhone.Build.0 = Release|Any CPU
		{2A47D170-2718-49BF-A27B-2856AD87A74A}.Ad-Hoc|iPhone.ActiveCfg = Debug|Any CPU
		{2A47D170-2718-49BF-A27B-2856AD87A74A}.Ad-Hoc|iPhone.Build.0 = Debug|Any CPU
		{2A47D170-2718-49BF-A27B-2856AD87A74A}.AppStore|iPhone.ActiveCfg = Debug|Any CPU
		{2A47D170-2718-49BF-A27B-2856AD87A74A}.AppStore|iPhone.Build.0 = Debug|Any CPU
		{02DE782A-39E8-4BF1-90A7-403724B6FBE5}.Debug|Any CPU.ActiveCfg = Debug|iPhoneSimulator
		{02DE782A-39E8-4BF1-90A7-403724B6FBE5}.Debug|Any CPU.Build.0 = Debug|iPhoneSimulator
		{02DE782A-39E8-4BF1-90A7-403724B6FBE5}.Release|Any CPU.ActiveCfg = Release|iPhoneSimulator
		{02DE782A-39E8-4BF1-90A7-403724B6FBE5}.Release|Any CPU.Build.0 = Release|iPhoneSimulator
		{02DE782A-39E8-4BF1-90A7-403724B6FBE5}.Debug|iPhoneSimulator.ActiveCfg = Debug|iPhoneSimulator
		{02DE782A-39E8-4BF1-90A7-403724B6FBE5}.Debug|iPhoneSimulator.Build.0 = Debug|iPhoneSimulator
		{02DE782A-39E8-4BF1-90A7-403724B6FBE5}.Release|iPhoneSimulator.ActiveCfg = Release|iPhoneSimulator
		{02DE782A-39E8-4BF1-90A7-403724B6FBE5}.Release|iPhoneSimulator.Build.0 = Release|iPhoneSimulator
		{02DE782A-39E8-4BF1-90A7-403724B6FBE5}.Debug|iPhone.ActiveCfg = Debug|iPhone
		{02DE782A-39E8-4BF1-90A7-403724B6FBE5}.Debug|iPhone.Build.0 = Debug|iPhone
		{02DE782A-39E8-4BF1-90A7-403724B6FBE5}.Release|iPhone.ActiveCfg = Release|iPhone
		{02DE782A-39E8-4BF1-90A7-403724B6FBE5}.Release|iPhone.Build.0 = Release|iPhone
		{02DE782A-39E8-4BF1-90A7-403724B6FBE5}.Ad-Hoc|iPhone.ActiveCfg = Ad-Hoc|iPhone
		{02DE782A-39E8-4BF1-90A7-403724B6FBE5}.Ad-Hoc|iPhone.Build.0 = Ad-Hoc|iPhone
		{02DE782A-39E8-4BF1-90A7-403724B6FBE5}.AppStore|iPhone.ActiveCfg = AppStore|iPhone
		{02DE782A-39E8-4BF1-90A7-403724B6FBE5}.AppStore|iPhone.Build.0 = AppStore|iPhone
		{B19C892E-2628-4CA7-AD27-08D406A3B14B}.Debug|Any CPU.ActiveCfg = Debug|Any CPU
		{B19C892E-2628-4CA7-AD27-08D406A3B14B}.Debug|Any CPU.Build.0 = Debug|Any CPU
		{B19C892E-2628-4CA7-AD27-08D406A3B14B}.Release|Any CPU.ActiveCfg = Release|Any CPU
		{B19C892E-2628-4CA7-AD27-08D406A3B14B}.Release|Any CPU.Build.0 = Release|Any CPU
		{B19C892E-2628-4CA7-AD27-08D406A3B14B}.Debug|iPhoneSimulator.ActiveCfg = Debug|Any CPU
		{B19C892E-2628-4CA7-AD27-08D406A3B14B}.Debug|iPhoneSimulator.Build.0 = Debug|Any CPU
		{B19C892E-2628-4CA7-AD27-08D406A3B14B}.Release|iPhoneSimulator.ActiveCfg = Release|Any CPU
		{B19C892E-2628-4CA7-AD27-08D406A3B14B}.Release|iPhoneSimulator.Build.0 = Release|Any CPU
		{B19C892E-2628-4CA7-AD27-08D406A3B14B}.Debug|iPhone.ActiveCfg = Debug|Any CPU
		{B19C892E-2628-4CA7-AD27-08D406A3B14B}.Debug|iPhone.Build.0 = Debug|Any CPU
		{B19C892E-2628-4CA7-AD27-08D406A3B14B}.Release|iPhone.ActiveCfg = Release|Any CPU
		{B19C892E-2628-4CA7-AD27-08D406A3B14B}.Release|iPhone.Build.0 = Release|Any CPU
		{B19C892E-2628-4CA7-AD27-08D406A3B14B}.Ad-Hoc|iPhone.ActiveCfg = Debug|Any CPU
		{B19C892E-2628-4CA7-AD27-08D406A3B14B}.Ad-Hoc|iPhone.Build.0 = Debug|Any CPU
		{B19C892E-2628-4CA7-AD27-08D406A3B14B}.AppStore|iPhone.ActiveCfg = Debug|Any CPU
		{B19C892E-2628-4CA7-AD27-08D406A3B14B}.AppStore|iPhone.Build.0 = Debug|Any CPU
		{F679F6DF-4752-4E04-8F49-AF1DE032FF45}.Debug|Any CPU.ActiveCfg = Debug|Any CPU
		{F679F6DF-4752-4E04-8F49-AF1DE032FF45}.Debug|Any CPU.Build.0 = Debug|Any CPU
		{F679F6DF-4752-4E04-8F49-AF1DE032FF45}.Release|Any CPU.ActiveCfg = Release|Any CPU
		{F679F6DF-4752-4E04-8F49-AF1DE032FF45}.Release|Any CPU.Build.0 = Release|Any CPU
		{F679F6DF-4752-4E04-8F49-AF1DE032FF45}.Debug|iPhoneSimulator.ActiveCfg = Debug|Any CPU
		{F679F6DF-4752-4E04-8F49-AF1DE032FF45}.Debug|iPhoneSimulator.Build.0 = Debug|Any CPU
		{F679F6DF-4752-4E04-8F49-AF1DE032FF45}.Release|iPhoneSimulator.ActiveCfg = Release|Any CPU
		{F679F6DF-4752-4E04-8F49-AF1DE032FF45}.Release|iPhoneSimulator.Build.0 = Release|Any CPU
		{F679F6DF-4752-4E04-8F49-AF1DE032FF45}.Debug|iPhone.ActiveCfg = Debug|Any CPU
		{F679F6DF-4752-4E04-8F49-AF1DE032FF45}.Debug|iPhone.Build.0 = Debug|Any CPU
		{F679F6DF-4752-4E04-8F49-AF1DE032FF45}.Release|iPhone.ActiveCfg = Release|Any CPU
		{F679F6DF-4752-4E04-8F49-AF1DE032FF45}.Release|iPhone.Build.0 = Release|Any CPU
		{F679F6DF-4752-4E04-8F49-AF1DE032FF45}.Ad-Hoc|iPhone.ActiveCfg = Debug|Any CPU
		{F679F6DF-4752-4E04-8F49-AF1DE032FF45}.Ad-Hoc|iPhone.Build.0 = Debug|Any CPU
		{F679F6DF-4752-4E04-8F49-AF1DE032FF45}.AppStore|iPhone.ActiveCfg = Debug|Any CPU
		{F679F6DF-4752-4E04-8F49-AF1DE032FF45}.AppStore|iPhone.Build.0 = Debug|Any CPU
		{E8D3CD18-B8FF-42E9-A793-BB68F2002B4C}.Debug|Any CPU.ActiveCfg = Debug|Any CPU
		{E8D3CD18-B8FF-42E9-A793-BB68F2002B4C}.Debug|Any CPU.Build.0 = Debug|Any CPU
		{E8D3CD18-B8FF-42E9-A793-BB68F2002B4C}.Release|Any CPU.ActiveCfg = Release|Any CPU
		{E8D3CD18-B8FF-42E9-A793-BB68F2002B4C}.Release|Any CPU.Build.0 = Release|Any CPU
		{E8D3CD18-B8FF-42E9-A793-BB68F2002B4C}.Debug|iPhoneSimulator.ActiveCfg = Debug|Any CPU
		{E8D3CD18-B8FF-42E9-A793-BB68F2002B4C}.Debug|iPhoneSimulator.Build.0 = Debug|Any CPU
		{E8D3CD18-B8FF-42E9-A793-BB68F2002B4C}.Release|iPhoneSimulator.ActiveCfg = Release|Any CPU
		{E8D3CD18-B8FF-42E9-A793-BB68F2002B4C}.Release|iPhoneSimulator.Build.0 = Release|Any CPU
		{E8D3CD18-B8FF-42E9-A793-BB68F2002B4C}.Debug|iPhone.ActiveCfg = Debug|Any CPU
		{E8D3CD18-B8FF-42E9-A793-BB68F2002B4C}.Debug|iPhone.Build.0 = Debug|Any CPU
		{E8D3CD18-B8FF-42E9-A793-BB68F2002B4C}.Release|iPhone.ActiveCfg = Release|Any CPU
		{E8D3CD18-B8FF-42E9-A793-BB68F2002B4C}.Release|iPhone.Build.0 = Release|Any CPU
		{E8D3CD18-B8FF-42E9-A793-BB68F2002B4C}.Ad-Hoc|iPhone.ActiveCfg = Debug|Any CPU
		{E8D3CD18-B8FF-42E9-A793-BB68F2002B4C}.Ad-Hoc|iPhone.Build.0 = Debug|Any CPU
		{E8D3CD18-B8FF-42E9-A793-BB68F2002B4C}.AppStore|iPhone.ActiveCfg = Debug|Any CPU
		{E8D3CD18-B8FF-42E9-A793-BB68F2002B4C}.AppStore|iPhone.Build.0 = Debug|Any CPU
		{43BB9E83-7E9A-4844-90BE-898BEAB6B26D}.Debug|Any CPU.ActiveCfg = Debug|Any CPU
		{43BB9E83-7E9A-4844-90BE-898BEAB6B26D}.Debug|Any CPU.Build.0 = Debug|Any CPU
		{43BB9E83-7E9A-4844-90BE-898BEAB6B26D}.Release|Any CPU.ActiveCfg = Release|Any CPU
		{43BB9E83-7E9A-4844-90BE-898BEAB6B26D}.Release|Any CPU.Build.0 = Release|Any CPU
		{43BB9E83-7E9A-4844-90BE-898BEAB6B26D}.Debug|iPhoneSimulator.ActiveCfg = Debug|Any CPU
		{43BB9E83-7E9A-4844-90BE-898BEAB6B26D}.Debug|iPhoneSimulator.Build.0 = Debug|Any CPU
		{43BB9E83-7E9A-4844-90BE-898BEAB6B26D}.Release|iPhoneSimulator.ActiveCfg = Release|Any CPU
		{43BB9E83-7E9A-4844-90BE-898BEAB6B26D}.Release|iPhoneSimulator.Build.0 = Release|Any CPU
		{43BB9E83-7E9A-4844-90BE-898BEAB6B26D}.Debug|iPhone.ActiveCfg = Debug|Any CPU
		{43BB9E83-7E9A-4844-90BE-898BEAB6B26D}.Debug|iPhone.Build.0 = Debug|Any CPU
		{43BB9E83-7E9A-4844-90BE-898BEAB6B26D}.Release|iPhone.ActiveCfg = Release|Any CPU
		{43BB9E83-7E9A-4844-90BE-898BEAB6B26D}.Release|iPhone.Build.0 = Release|Any CPU
		{43BB9E83-7E9A-4844-90BE-898BEAB6B26D}.Ad-Hoc|iPhone.ActiveCfg = Debug|Any CPU
		{43BB9E83-7E9A-4844-90BE-898BEAB6B26D}.Ad-Hoc|iPhone.Build.0 = Debug|Any CPU
		{43BB9E83-7E9A-4844-90BE-898BEAB6B26D}.AppStore|iPhone.ActiveCfg = Debug|Any CPU
		{43BB9E83-7E9A-4844-90BE-898BEAB6B26D}.AppStore|iPhone.Build.0 = Debug|Any CPU
	EndGlobalSection
EndGlobal
